
Microsoft Visual Studio Solution File, Format Version 12.00
# Visual Studio 14
VisualStudioVersion = 14.0.24720.0
MinimumVisualStudioVersion = 10.0.40219.1
Project("{2150E333-8FDC-42A3-9474-1A3956D46DE8}") = "src", "src", "{AB9EF94B-3EFE-4B27-9727-4492619436B8}"
EndProject
Project("{2150E333-8FDC-42A3-9474-1A3956D46DE8}") = "Solution Items", "Solution Items", "{E03E6919-8073-482F-A180-147F789DD724}"
	ProjectSection(SolutionItems) = preProject
		global.json = global.json
	EndProjectSection
EndProject
Project("{8BB2217D-0F2D-49D1-97BC-3654ED321F3B}") = "Leafly.Types", "src\Leafly.Types\Leafly.Types.xproj", "{BCD271C7-3E07-4D25-974D-65524D755FDE}"
EndProject
Project("{8BB2217D-0F2D-49D1-97BC-3654ED321F3B}") = "Leafly.Web", "src\Leafly.Web\Leafly.Web.xproj", "{4D0EE903-8F2A-4B82-870C-5C1D2B620C28}"
EndProject
Project("{8BB2217D-0F2D-49D1-97BC-3654ED321F3B}") = "Leafly.Web.Tester", "src\Leafly.Web.Tester\Leafly.Web.Tester.xproj", "{047AD35E-0CEF-44A4-823B-97CD041B817D}"
EndProject
Global
	GlobalSection(SolutionConfigurationPlatforms) = preSolution
		Debug|Any CPU = Debug|Any CPU
		Release|Any CPU = Release|Any CPU
	EndGlobalSection
	GlobalSection(ProjectConfigurationPlatforms) = postSolution
		{BCD271C7-3E07-4D25-974D-65524D755FDE}.Debug|Any CPU.ActiveCfg = Debug|Any CPU
		{BCD271C7-3E07-4D25-974D-65524D755FDE}.Debug|Any CPU.Build.0 = Debug|Any CPU
		{BCD271C7-3E07-4D25-974D-65524D755FDE}.Release|Any CPU.ActiveCfg = Release|Any CPU
		{BCD271C7-3E07-4D25-974D-65524D755FDE}.Release|Any CPU.Build.0 = Release|Any CPU
		{4D0EE903-8F2A-4B82-870C-5C1D2B620C28}.Debug|Any CPU.ActiveCfg = Debug|Any CPU
		{4D0EE903-8F2A-4B82-870C-5C1D2B620C28}.Debug|Any CPU.Build.0 = Debug|Any CPU
		{4D0EE903-8F2A-4B82-870C-5C1D2B620C28}.Release|Any CPU.ActiveCfg = Release|Any CPU
		{4D0EE903-8F2A-4B82-870C-5C1D2B620C28}.Release|Any CPU.Build.0 = Release|Any CPU
		{047AD35E-0CEF-44A4-823B-97CD041B817D}.Debug|Any CPU.ActiveCfg = Debug|Any CPU
		{047AD35E-0CEF-44A4-823B-97CD041B817D}.Debug|Any CPU.Build.0 = Debug|Any CPU
		{047AD35E-0CEF-44A4-823B-97CD041B817D}.Release|Any CPU.ActiveCfg = Release|Any CPU
		{047AD35E-0CEF-44A4-823B-97CD041B817D}.Release|Any CPU.Build.0 = Release|Any CPU
	EndGlobalSection
	GlobalSection(SolutionProperties) = preSolution
		HideSolutionNode = FALSE
	EndGlobalSection
	GlobalSection(NestedProjects) = preSolution
		{BCD271C7-3E07-4D25-974D-65524D755FDE} = {AB9EF94B-3EFE-4B27-9727-4492619436B8}
		{4D0EE903-8F2A-4B82-870C-5C1D2B620C28} = {AB9EF94B-3EFE-4B27-9727-4492619436B8}
		{047AD35E-0CEF-44A4-823B-97CD041B817D} = {AB9EF94B-3EFE-4B27-9727-4492619436B8}
	EndGlobalSection
EndGlobal
